
Microsoft Visual Studio Solution File, Format Version 12.00
# Visual Studio Version 17
Project("{2150E333-8FDC-42A3-9474-1A3956D46DE8}") = "CMakePredefinedTargets", "CMakePredefinedTargets", "{84397019-18F5-3A77-9891-D585A531654A}"
EndProject
Project("{2150E333-8FDC-42A3-9474-1A3956D46DE8}") = "Samples", "Samples", "{128C26CC-CC48-3F0D-95FE-AB02987402B7}"
EndProject
Project("{2150E333-8FDC-42A3-9474-1A3956D46DE8}") = "assimp", "assimp", "{67DB6379-0236-373B-9E6C-0DAE0A84F6AC}"
EndProject
Project("{2150E333-8FDC-42A3-9474-1A3956D46DE8}") = "gainput", "gainput", "{137F6DEC-C211-3346-9E46-D24ABB0B91FA}"
EndProject
Project("{8BC9CEB8-8B4A-11D0-8D11-00A0C91BC942}") = "03-Textures", "samples\03-Textures\03-Textures.vcxproj", "{94D27161-4A53-33E2-AA73-6725117718F2}"
	ProjectSection(ProjectDependencies) = postProject
		{9B743303-DC02-38EF-A8AD-729D1CC4EDB3} = {9B743303-DC02-38EF-A8AD-729D1CC4EDB3}
		{38038FF3-B354-39E1-A91E-E787631087C8} = {38038FF3-B354-39E1-A91E-E787631087C8}
		{0F68F4BA-6E0E-3599-887E-F2AD9500D25C} = {0F68F4BA-6E0E-3599-887E-F2AD9500D25C}
		{739B328E-1513-3CB3-A9DE-8D869E550046} = {739B328E-1513-3CB3-A9DE-8D869E550046}
		{25A6852E-D24F-3A40-B34A-8913AB216BAB} = {25A6852E-D24F-3A40-B34A-8913AB216BAB}
		{A75F33A9-058E-3121-AE0E-5F8ED6763C84} = {A75F33A9-058E-3121-AE0E-5F8ED6763C84}
		{805E2D03-4D90-3131-A2A3-531541CDD9C7} = {805E2D03-4D90-3131-A2A3-531541CDD9C7}
		{5E119239-B82F-3A5E-AE1A-574997A03617} = {5E119239-B82F-3A5E-AE1A-574997A03617}
	EndProjectSection
EndProject
Project("{8BC9CEB8-8B4A-11D0-8D11-00A0C91BC942}") = "ALL_BUILD", "ALL_BUILD.vcxproj", "{8316045F-7BF8-3F2C-846A-46D4BA8FA989}"
	ProjectSection(ProjectDependencies) = postProject
		{94D27161-4A53-33E2-AA73-6725117718F2} = {94D27161-4A53-33E2-AA73-6725117718F2}
		{9B743303-DC02-38EF-A8AD-729D1CC4EDB3} = {9B743303-DC02-38EF-A8AD-729D1CC4EDB3}
		{38038FF3-B354-39E1-A91E-E787631087C8} = {38038FF3-B354-39E1-A91E-E787631087C8}
		{0F68F4BA-6E0E-3599-887E-F2AD9500D25C} = {0F68F4BA-6E0E-3599-887E-F2AD9500D25C}
		{739B328E-1513-3CB3-A9DE-8D869E550046} = {739B328E-1513-3CB3-A9DE-8D869E550046}
		{25A6852E-D24F-3A40-B34A-8913AB216BAB} = {25A6852E-D24F-3A40-B34A-8913AB216BAB}
		{A75F33A9-058E-3121-AE0E-5F8ED6763C84} = {A75F33A9-058E-3121-AE0E-5F8ED6763C84}
		{805E2D03-4D90-3131-A2A3-531541CDD9C7} = {805E2D03-4D90-3131-A2A3-531541CDD9C7}
		{2DA5A9E6-24C1-3864-B0E0-01EA82EEE136} = {2DA5A9E6-24C1-3864-B0E0-01EA82EEE136}
		{5E119239-B82F-3A5E-AE1A-574997A03617} = {5E119239-B82F-3A5E-AE1A-574997A03617}
	EndProjectSection
EndProject
Project("{8BC9CEB8-8B4A-11D0-8D11-00A0C91BC942}") = "DX12Lib", "DX12Lib\DX12Lib.vcxproj", "{9B743303-DC02-38EF-A8AD-729D1CC4EDB3}"
	ProjectSection(ProjectDependencies) = postProject
		{38038FF3-B354-39E1-A91E-E787631087C8} = {38038FF3-B354-39E1-A91E-E787631087C8}
		{739B328E-1513-3CB3-A9DE-8D869E550046} = {739B328E-1513-3CB3-A9DE-8D869E550046}
		{25A6852E-D24F-3A40-B34A-8913AB216BAB} = {25A6852E-D24F-3A40-B34A-8913AB216BAB}
		{A75F33A9-058E-3121-AE0E-5F8ED6763C84} = {A75F33A9-058E-3121-AE0E-5F8ED6763C84}
		{5E119239-B82F-3A5E-AE1A-574997A03617} = {5E119239-B82F-3A5E-AE1A-574997A03617}
	EndProjectSection
EndProject
Project("{8BC9CEB8-8B4A-11D0-8D11-00A0C91BC942}") = "DirectXTex", "extern\DirectXTex\DirectXTex.vcxproj", "{38038FF3-B354-39E1-A91E-E787631087C8}"
	ProjectSection(ProjectDependencies) = postProject
		{25A6852E-D24F-3A40-B34A-8913AB216BAB} = {25A6852E-D24F-3A40-B34A-8913AB216BAB}
	EndProjectSection
EndProject
Project("{8BC9CEB8-8B4A-11D0-8D11-00A0C91BC942}") = "GameFramework", "GameFramework\GameFramework.vcxproj", "{0F68F4BA-6E0E-3599-887E-F2AD9500D25C}"
	ProjectSection(ProjectDependencies) = postProject
		{25A6852E-D24F-3A40-B34A-8913AB216BAB} = {25A6852E-D24F-3A40-B34A-8913AB216BAB}
		{805E2D03-4D90-3131-A2A3-531541CDD9C7} = {805E2D03-4D90-3131-A2A3-531541CDD9C7}
	EndProjectSection
EndProject
Project("{8BC9CEB8-8B4A-11D0-8D11-00A0C91BC942}") = "INSTALL", "INSTALL.vcxproj", "{FBDDF34C-7367-3536-BF0C-8AB9EE43339B}"
	ProjectSection(ProjectDependencies) = postProject
		{8316045F-7BF8-3F2C-846A-46D4BA8FA989} = {8316045F-7BF8-3F2C-846A-46D4BA8FA989}
		{25A6852E-D24F-3A40-B34A-8913AB216BAB} = {25A6852E-D24F-3A40-B34A-8913AB216BAB}
	EndProjectSection
EndProject
Project("{8BC9CEB8-8B4A-11D0-8D11-00A0C91BC942}") = "IrrXML", "extern\assimp\contrib\irrXML\IrrXML.vcxproj", "{739B328E-1513-3CB3-A9DE-8D869E550046}"
	ProjectSection(ProjectDependencies) = postProject
		{25A6852E-D24F-3A40-B34A-8913AB216BAB} = {25A6852E-D24F-3A40-B34A-8913AB216BAB}
	EndProjectSection
EndProject
Project("{8BC9CEB8-8B4A-11D0-8D11-00A0C91BC942}") = "UpdateAssimpLibsDebugSymbolsAndDLLs", "extern\assimp\UpdateAssimpLibsDebugSymbolsAndDLLs.vcxproj", "{DEC34CDE-5D09-3872-9A8D-D4F32DB78AE5}"
	ProjectSection(ProjectDependencies) = postProject
		{25A6852E-D24F-3A40-B34A-8913AB216BAB} = {25A6852E-D24F-3A40-B34A-8913AB216BAB}
	EndProjectSection
EndProject
Project("{8BC9CEB8-8B4A-11D0-8D11-00A0C91BC942}") = "ZERO_CHECK", "ZERO_CHECK.vcxproj", "{25A6852E-D24F-3A40-B34A-8913AB216BAB}"
	ProjectSection(ProjectDependencies) = postProject
	EndProjectSection
EndProject
Project("{8BC9CEB8-8B4A-11D0-8D11-00A0C91BC942}") = "assimp", "extern\assimp\code\assimp.vcxproj", "{A75F33A9-058E-3121-AE0E-5F8ED6763C84}"
	ProjectSection(ProjectDependencies) = postProject
		{739B328E-1513-3CB3-A9DE-8D869E550046} = {739B328E-1513-3CB3-A9DE-8D869E550046}
		{25A6852E-D24F-3A40-B34A-8913AB216BAB} = {25A6852E-D24F-3A40-B34A-8913AB216BAB}
		{5E119239-B82F-3A5E-AE1A-574997A03617} = {5E119239-B82F-3A5E-AE1A-574997A03617}
	EndProjectSection
EndProject
Project("{8BC9CEB8-8B4A-11D0-8D11-00A0C91BC942}") = "gainput", "extern\gainput\lib\gainput.vcxproj", "{805E2D03-4D90-3131-A2A3-531541CDD9C7}"
	ProjectSection(ProjectDependencies) = postProject
		{25A6852E-D24F-3A40-B34A-8913AB216BAB} = {25A6852E-D24F-3A40-B34A-8913AB216BAB}
	EndProjectSection
EndProject
Project("{8BC9CEB8-8B4A-11D0-8D11-00A0C91BC942}") = "uninstall", "extern\assimp\uninstall.vcxproj", "{2E80CADE-159F-3199-AA66-F674A58BCFB5}"
	ProjectSection(ProjectDependencies) = postProject
		{25A6852E-D24F-3A40-B34A-8913AB216BAB} = {25A6852E-D24F-3A40-B34A-8913AB216BAB}
	EndProjectSection
EndProject
Project("{8BC9CEB8-8B4A-11D0-8D11-00A0C91BC942}") = "zlib", "extern\assimp\contrib\zlib\zlib.vcxproj", "{2DA5A9E6-24C1-3864-B0E0-01EA82EEE136}"
	ProjectSection(ProjectDependencies) = postProject
		{25A6852E-D24F-3A40-B34A-8913AB216BAB} = {25A6852E-D24F-3A40-B34A-8913AB216BAB}
	EndProjectSection
EndProject
Project("{8BC9CEB8-8B4A-11D0-8D11-00A0C91BC942}") = "zlibstatic", "extern\assimp\contrib\zlib\zlibstatic.vcxproj", "{5E119239-B82F-3A5E-AE1A-574997A03617}"
	ProjectSection(ProjectDependencies) = postProject
		{25A6852E-D24F-3A40-B34A-8913AB216BAB} = {25A6852E-D24F-3A40-B34A-8913AB216BAB}
	EndProjectSection
EndProject
Global
	GlobalSection(SolutionConfigurationPlatforms) = preSolution
		Debug|x64 = Debug|x64
		Release|x64 = Release|x64
		MinSizeRel|x64 = MinSizeRel|x64
		RelWithDebInfo|x64 = RelWithDebInfo|x64
	EndGlobalSection
	GlobalSection(ProjectConfigurationPlatforms) = postSolution
		{94D27161-4A53-33E2-AA73-6725117718F2}.Debug|x64.ActiveCfg = Debug|x64
		{94D27161-4A53-33E2-AA73-6725117718F2}.Debug|x64.Build.0 = Debug|x64
		{94D27161-4A53-33E2-AA73-6725117718F2}.Release|x64.ActiveCfg = Release|x64
		{94D27161-4A53-33E2-AA73-6725117718F2}.Release|x64.Build.0 = Release|x64
		{94D27161-4A53-33E2-AA73-6725117718F2}.MinSizeRel|x64.ActiveCfg = MinSizeRel|x64
		{94D27161-4A53-33E2-AA73-6725117718F2}.MinSizeRel|x64.Build.0 = MinSizeRel|x64
		{94D27161-4A53-33E2-AA73-6725117718F2}.RelWithDebInfo|x64.ActiveCfg = RelWithDebInfo|x64
		{94D27161-4A53-33E2-AA73-6725117718F2}.RelWithDebInfo|x64.Build.0 = RelWithDebInfo|x64
		{8316045F-7BF8-3F2C-846A-46D4BA8FA989}.Debug|x64.ActiveCfg = Debug|x64
		{8316045F-7BF8-3F2C-846A-46D4BA8FA989}.Debug|x64.Build.0 = Debug|x64
		{8316045F-7BF8-3F2C-846A-46D4BA8FA989}.Release|x64.ActiveCfg = Release|x64
		{8316045F-7BF8-3F2C-846A-46D4BA8FA989}.Release|x64.Build.0 = Release|x64
		{8316045F-7BF8-3F2C-846A-46D4BA8FA989}.MinSizeRel|x64.ActiveCfg = MinSizeRel|x64
		{8316045F-7BF8-3F2C-846A-46D4BA8FA989}.MinSizeRel|x64.Build.0 = MinSizeRel|x64
		{8316045F-7BF8-3F2C-846A-46D4BA8FA989}.RelWithDebInfo|x64.ActiveCfg = RelWithDebInfo|x64
		{8316045F-7BF8-3F2C-846A-46D4BA8FA989}.RelWithDebInfo|x64.Build.0 = RelWithDebInfo|x64
		{9B743303-DC02-38EF-A8AD-729D1CC4EDB3}.Debug|x64.ActiveCfg = Debug|x64
		{9B743303-DC02-38EF-A8AD-729D1CC4EDB3}.Debug|x64.Build.0 = Debug|x64
		{9B743303-DC02-38EF-A8AD-729D1CC4EDB3}.Release|x64.ActiveCfg = Release|x64
		{9B743303-DC02-38EF-A8AD-729D1CC4EDB3}.Release|x64.Build.0 = Release|x64
		{9B743303-DC02-38EF-A8AD-729D1CC4EDB3}.MinSizeRel|x64.ActiveCfg = MinSizeRel|x64
		{9B743303-DC02-38EF-A8AD-729D1CC4EDB3}.MinSizeRel|x64.Build.0 = MinSizeRel|x64
		{9B743303-DC02-38EF-A8AD-729D1CC4EDB3}.RelWithDebInfo|x64.ActiveCfg = RelWithDebInfo|x64
		{9B743303-DC02-38EF-A8AD-729D1CC4EDB3}.RelWithDebInfo|x64.Build.0 = RelWithDebInfo|x64
		{38038FF3-B354-39E1-A91E-E787631087C8}.Debug|x64.ActiveCfg = Debug|x64
		{38038FF3-B354-39E1-A91E-E787631087C8}.Debug|x64.Build.0 = Debug|x64
		{38038FF3-B354-39E1-A91E-E787631087C8}.Release|x64.ActiveCfg = Release|x64
		{38038FF3-B354-39E1-A91E-E787631087C8}.Release|x64.Build.0 = Release|x64
		{38038FF3-B354-39E1-A91E-E787631087C8}.MinSizeRel|x64.ActiveCfg = MinSizeRel|x64
		{38038FF3-B354-39E1-A91E-E787631087C8}.MinSizeRel|x64.Build.0 = MinSizeRel|x64
		{38038FF3-B354-39E1-A91E-E787631087C8}.RelWithDebInfo|x64.ActiveCfg = RelWithDebInfo|x64
		{38038FF3-B354-39E1-A91E-E787631087C8}.RelWithDebInfo|x64.Build.0 = RelWithDebInfo|x64
		{0F68F4BA-6E0E-3599-887E-F2AD9500D25C}.Debug|x64.ActiveCfg = Debug|x64
		{0F68F4BA-6E0E-3599-887E-F2AD9500D25C}.Debug|x64.Build.0 = Debug|x64
		{0F68F4BA-6E0E-3599-887E-F2AD9500D25C}.Release|x64.ActiveCfg = Release|x64
		{0F68F4BA-6E0E-3599-887E-F2AD9500D25C}.Release|x64.Build.0 = Release|x64
		{0F68F4BA-6E0E-3599-887E-F2AD9500D25C}.MinSizeRel|x64.ActiveCfg = MinSizeRel|x64
		{0F68F4BA-6E0E-3599-887E-F2AD9500D25C}.MinSizeRel|x64.Build.0 = MinSizeRel|x64
		{0F68F4BA-6E0E-3599-887E-F2AD9500D25C}.RelWithDebInfo|x64.ActiveCfg = RelWithDebInfo|x64
		{0F68F4BA-6E0E-3599-887E-F2AD9500D25C}.RelWithDebInfo|x64.Build.0 = RelWithDebInfo|x64
		{FBDDF34C-7367-3536-BF0C-8AB9EE43339B}.Debug|x64.ActiveCfg = Debug|x64
		{FBDDF34C-7367-3536-BF0C-8AB9EE43339B}.Release|x64.ActiveCfg = Release|x64
		{FBDDF34C-7367-3536-BF0C-8AB9EE43339B}.MinSizeRel|x64.ActiveCfg = MinSizeRel|x64
		{FBDDF34C-7367-3536-BF0C-8AB9EE43339B}.RelWithDebInfo|x64.ActiveCfg = RelWithDebInfo|x64
		{739B328E-1513-3CB3-A9DE-8D869E550046}.Debug|x64.ActiveCfg = Debug|x64
		{739B328E-1513-3CB3-A9DE-8D869E550046}.Debug|x64.Build.0 = Debug|x64
		{739B328E-1513-3CB3-A9DE-8D869E550046}.Release|x64.ActiveCfg = Release|x64
		{739B328E-1513-3CB3-A9DE-8D869E550046}.Release|x64.Build.0 = Release|x64
		{739B328E-1513-3CB3-A9DE-8D869E550046}.MinSizeRel|x64.ActiveCfg = MinSizeRel|x64
		{739B328E-1513-3CB3-A9DE-8D869E550046}.MinSizeRel|x64.Build.0 = MinSizeRel|x64
		{739B328E-1513-3CB3-A9DE-8D869E550046}.RelWithDebInfo|x64.ActiveCfg = RelWithDebInfo|x64
		{739B328E-1513-3CB3-A9DE-8D869E550046}.RelWithDebInfo|x64.Build.0 = RelWithDebInfo|x64
		{DEC34CDE-5D09-3872-9A8D-D4F32DB78AE5}.Debug|x64.ActiveCfg = Debug|x64
		{DEC34CDE-5D09-3872-9A8D-D4F32DB78AE5}.Release|x64.ActiveCfg = Release|x64
		{DEC34CDE-5D09-3872-9A8D-D4F32DB78AE5}.MinSizeRel|x64.ActiveCfg = MinSizeRel|x64
		{DEC34CDE-5D09-3872-9A8D-D4F32DB78AE5}.RelWithDebInfo|x64.ActiveCfg = RelWithDebInfo|x64
		{25A6852E-D24F-3A40-B34A-8913AB216BAB}.Debug|x64.ActiveCfg = Debug|x64
		{25A6852E-D24F-3A40-B34A-8913AB216BAB}.Debug|x64.Build.0 = Debug|x64
		{25A6852E-D24F-3A40-B34A-8913AB216BAB}.Release|x64.ActiveCfg = Release|x64
		{25A6852E-D24F-3A40-B34A-8913AB216BAB}.Release|x64.Build.0 = Release|x64
		{25A6852E-D24F-3A40-B34A-8913AB216BAB}.MinSizeRel|x64.ActiveCfg = MinSizeRel|x64
		{25A6852E-D24F-3A40-B34A-8913AB216BAB}.MinSizeRel|x64.Build.0 = MinSizeRel|x64
		{25A6852E-D24F-3A40-B34A-8913AB216BAB}.RelWithDebInfo|x64.ActiveCfg = RelWithDebInfo|x64
		{25A6852E-D24F-3A40-B34A-8913AB216BAB}.RelWithDebInfo|x64.Build.0 = RelWithDebInfo|x64
		{A75F33A9-058E-3121-AE0E-5F8ED6763C84}.Debug|x64.ActiveCfg = Debug|x64
		{A75F33A9-058E-3121-AE0E-5F8ED6763C84}.Debug|x64.Build.0 = Debug|x64
		{A75F33A9-058E-3121-AE0E-5F8ED6763C84}.Release|x64.ActiveCfg = Release|x64
		{A75F33A9-058E-3121-AE0E-5F8ED6763C84}.Release|x64.Build.0 = Release|x64
		{A75F33A9-058E-3121-AE0E-5F8ED6763C84}.MinSizeRel|x64.ActiveCfg = MinSizeRel|x64
		{A75F33A9-058E-3121-AE0E-5F8ED6763C84}.MinSizeRel|x64.Build.0 = MinSizeRel|x64
		{A75F33A9-058E-3121-AE0E-5F8ED6763C84}.RelWithDebInfo|x64.ActiveCfg = RelWithDebInfo|x64
		{A75F33A9-058E-3121-AE0E-5F8ED6763C84}.RelWithDebInfo|x64.Build.0 = RelWithDebInfo|x64
		{805E2D03-4D90-3131-A2A3-531541CDD9C7}.Debug|x64.ActiveCfg = Debug|x64
		{805E2D03-4D90-3131-A2A3-531541CDD9C7}.Debug|x64.Build.0 = Debug|x64
		{805E2D03-4D90-3131-A2A3-531541CDD9C7}.Release|x64.ActiveCfg = Release|x64
		{805E2D03-4D90-3131-A2A3-531541CDD9C7}.Release|x64.Build.0 = Release|x64
		{805E2D03-4D90-3131-A2A3-531541CDD9C7}.MinSizeRel|x64.ActiveCfg = MinSizeRel|x64
		{805E2D03-4D90-3131-A2A3-531541CDD9C7}.MinSizeRel|x64.Build.0 = MinSizeRel|x64
		{805E2D03-4D90-3131-A2A3-531541CDD9C7}.RelWithDebInfo|x64.ActiveCfg = RelWithDebInfo|x64
		{805E2D03-4D90-3131-A2A3-531541CDD9C7}.RelWithDebInfo|x64.Build.0 = RelWithDebInfo|x64
		{2E80CADE-159F-3199-AA66-F674A58BCFB5}.Debug|x64.ActiveCfg = Debug|x64
		{2E80CADE-159F-3199-AA66-F674A58BCFB5}.Release|x64.ActiveCfg = Release|x64
		{2E80CADE-159F-3199-AA66-F674A58BCFB5}.MinSizeRel|x64.ActiveCfg = MinSizeRel|x64
		{2E80CADE-159F-3199-AA66-F674A58BCFB5}.RelWithDebInfo|x64.ActiveCfg = RelWithDebInfo|x64
		{2DA5A9E6-24C1-3864-B0E0-01EA82EEE136}.Debug|x64.ActiveCfg = Debug|x64
		{2DA5A9E6-24C1-3864-B0E0-01EA82EEE136}.Debug|x64.Build.0 = Debug|x64
		{2DA5A9E6-24C1-3864-B0E0-01EA82EEE136}.Release|x64.ActiveCfg = Release|x64
		{2DA5A9E6-24C1-3864-B0E0-01EA82EEE136}.Release|x64.Build.0 = Release|x64
		{2DA5A9E6-24C1-3864-B0E0-01EA82EEE136}.MinSizeRel|x64.ActiveCfg = MinSizeRel|x64
		{2DA5A9E6-24C1-3864-B0E0-01EA82EEE136}.MinSizeRel|x64.Build.0 = MinSizeRel|x64
		{2DA5A9E6-24C1-3864-B0E0-01EA82EEE136}.RelWithDebInfo|x64.ActiveCfg = RelWithDebInfo|x64
		{2DA5A9E6-24C1-3864-B0E0-01EA82EEE136}.RelWithDebInfo|x64.Build.0 = RelWithDebInfo|x64
		{5E119239-B82F-3A5E-AE1A-574997A03617}.Debug|x64.ActiveCfg = Debug|x64
		{5E119239-B82F-3A5E-AE1A-574997A03617}.Debug|x64.Build.0 = Debug|x64
		{5E119239-B82F-3A5E-AE1A-574997A03617}.Release|x64.ActiveCfg = Release|x64
		{5E119239-B82F-3A5E-AE1A-574997A03617}.Release|x64.Build.0 = Release|x64
		{5E119239-B82F-3A5E-AE1A-574997A03617}.MinSizeRel|x64.ActiveCfg = MinSizeRel|x64
		{5E119239-B82F-3A5E-AE1A-574997A03617}.MinSizeRel|x64.Build.0 = MinSizeRel|x64
		{5E119239-B82F-3A5E-AE1A-574997A03617}.RelWithDebInfo|x64.ActiveCfg = RelWithDebInfo|x64
		{5E119239-B82F-3A5E-AE1A-574997A03617}.RelWithDebInfo|x64.Build.0 = RelWithDebInfo|x64
	EndGlobalSection
	GlobalSection(NestedProjects) = preSolution
		{8316045F-7BF8-3F2C-846A-46D4BA8FA989} = {84397019-18F5-3A77-9891-D585A531654A}
		{FBDDF34C-7367-3536-BF0C-8AB9EE43339B} = {84397019-18F5-3A77-9891-D585A531654A}
		{25A6852E-D24F-3A40-B34A-8913AB216BAB} = {84397019-18F5-3A77-9891-D585A531654A}
		{94D27161-4A53-33E2-AA73-6725117718F2} = {128C26CC-CC48-3F0D-95FE-AB02987402B7}
		{739B328E-1513-3CB3-A9DE-8D869E550046} = {67DB6379-0236-373B-9E6C-0DAE0A84F6AC}
		{DEC34CDE-5D09-3872-9A8D-D4F32DB78AE5} = {67DB6379-0236-373B-9E6C-0DAE0A84F6AC}
		{A75F33A9-058E-3121-AE0E-5F8ED6763C84} = {67DB6379-0236-373B-9E6C-0DAE0A84F6AC}
		{2E80CADE-159F-3199-AA66-F674A58BCFB5} = {67DB6379-0236-373B-9E6C-0DAE0A84F6AC}
		{2DA5A9E6-24C1-3864-B0E0-01EA82EEE136} = {67DB6379-0236-373B-9E6C-0DAE0A84F6AC}
		{5E119239-B82F-3A5E-AE1A-574997A03617} = {67DB6379-0236-373B-9E6C-0DAE0A84F6AC}
		{805E2D03-4D90-3131-A2A3-531541CDD9C7} = {137F6DEC-C211-3346-9E46-D24ABB0B91FA}
	EndGlobalSection
	GlobalSection(ExtensibilityGlobals) = postSolution
		SolutionGuid = {9C9CBD81-716B-3062-8F9F-72876FB84DE7}
	EndGlobalSection
	GlobalSection(ExtensibilityAddIns) = postSolution
	EndGlobalSection
EndGlobal
