<?xml version="1.0" encoding="utf-8"?>
<Project ToolsVersion="17.0" xmlns="http://schemas.microsoft.com/developer/msbuild/2003">
  <ItemGroup>
    <ClCompile Include="C:\DAE\2024-2025\1st_semester\GradWork\CodeSamples\DirectX12\GW2425_DX12_Particles_Renderer\ParticlesRenderer\GameFramework\src\GameFramework.cpp">
      <Filter>Source Files</Filter>
    </ClCompile>
    <ClCompile Include="C:\DAE\2024-2025\1st_semester\GradWork\CodeSamples\DirectX12\GW2425_DX12_Particles_Renderer\ParticlesRenderer\GameFramework\src\GameFrameworkPCH.cpp">
      <Filter>Source Files</Filter>
    </ClCompile>
    <ClCompile Include="C:\DAE\2024-2025\1st_semester\GradWork\CodeSamples\DirectX12\GW2425_DX12_Particles_Renderer\ParticlesRenderer\GameFramework\src\HighResolutionTimer.cpp">
      <Filter>Source Files</Filter>
    </ClCompile>
    <ClCompile Include="C:\DAE\2024-2025\1st_semester\GradWork\CodeSamples\DirectX12\GW2425_DX12_Particles_Renderer\ParticlesRenderer\GameFramework\src\ReadDirectoryChanges.cpp">
      <Filter>Source Files</Filter>
    </ClCompile>
    <ClCompile Include="C:\DAE\2024-2025\1st_semester\GradWork\CodeSamples\DirectX12\GW2425_DX12_Particles_Renderer\ParticlesRenderer\GameFramework\src\ReadDirectoryChangesPrivate.cpp">
      <Filter>Source Files</Filter>
    </ClCompile>
    <ClCompile Include="C:\DAE\2024-2025\1st_semester\GradWork\CodeSamples\DirectX12\GW2425_DX12_Particles_Renderer\ParticlesRenderer\GameFramework\src\Window.cpp">
      <Filter>Source Files</Filter>
    </ClCompile>
  </ItemGroup>
  <ItemGroup>
    <ClInclude Include="C:\DAE\2024-2025\1st_semester\GradWork\CodeSamples\DirectX12\GW2425_DX12_Particles_Renderer\ParticlesRenderer\GameFramework\inc\GameFramework\bitmask_operators.hpp">
      <Filter>Header Files</Filter>
    </ClInclude>
    <ClInclude Include="C:\DAE\2024-2025\1st_semester\GradWork\CodeSamples\DirectX12\GW2425_DX12_Particles_Renderer\ParticlesRenderer\GameFramework\inc\GameFramework\CThreadSafeQueue.h">
      <Filter>Header Files</Filter>
    </ClInclude>
    <ClInclude Include="C:\DAE\2024-2025\1st_semester\GradWork\CodeSamples\DirectX12\GW2425_DX12_Particles_Renderer\ParticlesRenderer\GameFramework\inc\GameFramework\Events.h">
      <Filter>Header Files</Filter>
    </ClInclude>
    <ClInclude Include="C:\DAE\2024-2025\1st_semester\GradWork\CodeSamples\DirectX12\GW2425_DX12_Particles_Renderer\ParticlesRenderer\GameFramework\inc\GameFramework\GameFramework.h">
      <Filter>Header Files</Filter>
    </ClInclude>
    <ClInclude Include="C:\DAE\2024-2025\1st_semester\GradWork\CodeSamples\DirectX12\GW2425_DX12_Particles_Renderer\ParticlesRenderer\GameFramework\inc\GameFramework\HighResolutionTimer.h">
      <Filter>Header Files</Filter>
    </ClInclude>
    <ClInclude Include="C:\DAE\2024-2025\1st_semester\GradWork\CodeSamples\DirectX12\GW2425_DX12_Particles_Renderer\ParticlesRenderer\GameFramework\inc\GameFramework\KeyCodes.h">
      <Filter>Header Files</Filter>
    </ClInclude>
    <ClInclude Include="C:\DAE\2024-2025\1st_semester\GradWork\CodeSamples\DirectX12\GW2425_DX12_Particles_Renderer\ParticlesRenderer\GameFramework\inc\GameFramework\ReadDirectoryChanges.h">
      <Filter>Header Files</Filter>
    </ClInclude>
    <ClInclude Include="C:\DAE\2024-2025\1st_semester\GradWork\CodeSamples\DirectX12\GW2425_DX12_Particles_Renderer\ParticlesRenderer\GameFramework\inc\GameFramework\Window.h">
      <Filter>Header Files</Filter>
    </ClInclude>
    <ClInclude Include="C:\DAE\2024-2025\1st_semester\GradWork\CodeSamples\DirectX12\GW2425_DX12_Particles_Renderer\ParticlesRenderer\GameFramework\inc\signals\optional.hpp">
      <Filter>signals</Filter>
    </ClInclude>
    <ClInclude Include="C:\DAE\2024-2025\1st_semester\GradWork\CodeSamples\DirectX12\GW2425_DX12_Particles_Renderer\ParticlesRenderer\GameFramework\inc\signals\signals.hpp">
      <Filter>signals</Filter>
    </ClInclude>
    <ClInclude Include="C:\DAE\2024-2025\1st_semester\GradWork\CodeSamples\DirectX12\GW2425_DX12_Particles_Renderer\ParticlesRenderer\GameFramework\src\GameFrameworkPCH.h">
      <Filter>Source Files</Filter>
    </ClInclude>
    <ClInclude Include="C:\DAE\2024-2025\1st_semester\GradWork\CodeSamples\DirectX12\GW2425_DX12_Particles_Renderer\ParticlesRenderer\GameFramework\src\ReadDirectoryChangesPrivate.h">
      <Filter>Source Files</Filter>
    </ClInclude>
    <ClInclude Include="C:\DAE\2024-2025\1st_semester\GradWork\CodeSamples\DirectX12\GW2425_DX12_Particles_Renderer\ParticlesRenderer\GameFramework\resource.h">
      <Filter>Resources</Filter>
    </ClInclude>
  </ItemGroup>
  <ItemGroup>
    <CustomBuild Include="C:\DAE\2024-2025\1st_semester\GradWork\CodeSamples\DirectX12\GW2425_DX12_Particles_Renderer\ParticlesRenderer\GameFramework\CMakeLists.txt" />
  </ItemGroup>
  <ItemGroup>
    <None Include="C:\DAE\2024-2025\1st_semester\GradWork\CodeSamples\DirectX12\GW2425_DX12_Particles_Renderer\ParticlesRenderer\GameFramework\Resources\Icon\app_icon.ico">
      <Filter>Resources\Icon</Filter>
    </None>
    <None Include="C:\DAE\2024-2025\1st_semester\GradWork\CodeSamples\DirectX12\GW2425_DX12_Particles_Renderer\ParticlesRenderer\.clang-format" />
  </ItemGroup>
  <ItemGroup>
    <ResourceCompile Include="C:\DAE\2024-2025\1st_semester\GradWork\CodeSamples\DirectX12\GW2425_DX12_Particles_Renderer\ParticlesRenderer\GameFramework\GameFramework.rc">
      <Filter>Resources</Filter>
    </ResourceCompile>
  </ItemGroup>
  <ItemGroup>
    <Filter Include="Header Files">
      <UniqueIdentifier>{5D0BD8E3-7D1E-3374-A565-E36931FC9DDA}</UniqueIdentifier>
    </Filter>
    <Filter Include="Resources">
      <UniqueIdentifier>{3FBB8915-B576-3828-9848-CAF940613FA3}</UniqueIdentifier>
    </Filter>
    <Filter Include="Resources\Icon">
      <UniqueIdentifier>{B5AB8EA9-03E7-36F3-B36C-698124F157D9}</UniqueIdentifier>
    </Filter>
    <Filter Include="Source Files">
      <UniqueIdentifier>{7653A6AE-C3F7-3FE6-8A62-C3A5052362CF}</UniqueIdentifier>
    </Filter>
    <Filter Include="signals">
      <UniqueIdentifier>{FE3724C3-9577-3234-A20B-E21775993F0F}</UniqueIdentifier>
    </Filter>
  </ItemGroup>
</Project>
